
Microsoft Visual Studio Solution File, Format Version 12.00
# Visual Studio Version 17
VisualStudioVersion = 17.0.31825.309
MinimumVisualStudioVersion = 10.0.40219.1
Project("{FAE04EC0-301F-11D3-BF4B-00C04F79EFBC}") = "ezStock Data Access Library", "ezStock Data Access Library\ezStock Data Access Library.csproj", "{CA9776D1-7165-477F-B2B5-907440AF9C04}"
EndProject
Project("{FAE04EC0-301F-11D3-BF4B-00C04F79EFBC}") = "ezStock Web API", "ezStock Web API\ezStock Web API.csproj", "{3A7AF516-833E-4CC0-9748-F04F9D5B5E81}"
EndProject
Project("{FAE04EC0-301F-11D3-BF4B-00C04F79EFBC}") = "ezStock Desktop", "ezStock Desktop\ezStock Desktop.csproj", "{1715FBB3-69FA-4CE5-82E1-6D83EDE00D14}"
EndProject
Project("{FAE04EC0-301F-11D3-BF4B-00C04F79EFBC}") = "ezStock Unit Tests", "ezStock Unit Tests\ezStock Unit Tests.csproj", "{974F42F2-F0F9-4740-8E82-3D8041BAB1E9}"
EndProject
Project("{00D1A9C2-B5F0-4AF3-8072-F6C62B433612}") = "ezStock Database", "ezStock Database\ezStock Database.sqlproj", "{676165D4-BFEF-4E1E-BD5E-18ABD16F77A9}"
EndProject
Project("{FAE04EC0-301F-11D3-BF4B-00C04F79EFBC}") = "ezStock Web Application", "ezStock Web Application\ezStock Web Application.csproj", "{7B460F10-B487-4725-BA88-2473E80C52D0}"
EndProject
Global
	GlobalSection(SolutionConfigurationPlatforms) = preSolution
		Debug|Any CPU = Debug|Any CPU
		Release|Any CPU = Release|Any CPU
	EndGlobalSection
	GlobalSection(ProjectConfigurationPlatforms) = postSolution
		{CA9776D1-7165-477F-B2B5-907440AF9C04}.Debug|Any CPU.ActiveCfg = Debug|Any CPU
		{CA9776D1-7165-477F-B2B5-907440AF9C04}.Debug|Any CPU.Build.0 = Debug|Any CPU
		{CA9776D1-7165-477F-B2B5-907440AF9C04}.Release|Any CPU.ActiveCfg = Release|Any CPU
		{CA9776D1-7165-477F-B2B5-907440AF9C04}.Release|Any CPU.Build.0 = Release|Any CPU
		{3A7AF516-833E-4CC0-9748-F04F9D5B5E81}.Debug|Any CPU.ActiveCfg = Debug|Any CPU
		{3A7AF516-833E-4CC0-9748-F04F9D5B5E81}.Debug|Any CPU.Build.0 = Debug|Any CPU
		{3A7AF516-833E-4CC0-9748-F04F9D5B5E81}.Release|Any CPU.ActiveCfg = Release|Any CPU
		{3A7AF516-833E-4CC0-9748-F04F9D5B5E81}.Release|Any CPU.Build.0 = Release|Any CPU
		{1715FBB3-69FA-4CE5-82E1-6D83EDE00D14}.Debug|Any CPU.ActiveCfg = Debug|Any CPU
		{1715FBB3-69FA-4CE5-82E1-6D83EDE00D14}.Debug|Any CPU.Build.0 = Debug|Any CPU
		{1715FBB3-69FA-4CE5-82E1-6D83EDE00D14}.Release|Any CPU.ActiveCfg = Release|Any CPU
		{1715FBB3-69FA-4CE5-82E1-6D83EDE00D14}.Release|Any CPU.Build.0 = Release|Any CPU
		{974F42F2-F0F9-4740-8E82-3D8041BAB1E9}.Debug|Any CPU.ActiveCfg = Debug|Any CPU
		{974F42F2-F0F9-4740-8E82-3D8041BAB1E9}.Debug|Any CPU.Build.0 = Debug|Any CPU
		{974F42F2-F0F9-4740-8E82-3D8041BAB1E9}.Release|Any CPU.ActiveCfg = Release|Any CPU
		{974F42F2-F0F9-4740-8E82-3D8041BAB1E9}.Release|Any CPU.Build.0 = Release|Any CPU
		{676165D4-BFEF-4E1E-BD5E-18ABD16F77A9}.Debug|Any CPU.ActiveCfg = Debug|Any CPU
		{676165D4-BFEF-4E1E-BD5E-18ABD16F77A9}.Debug|Any CPU.Build.0 = Debug|Any CPU
		{676165D4-BFEF-4E1E-BD5E-18ABD16F77A9}.Debug|Any CPU.Deploy.0 = Debug|Any CPU
		{676165D4-BFEF-4E1E-BD5E-18ABD16F77A9}.Release|Any CPU.ActiveCfg = Release|Any CPU
		{676165D4-BFEF-4E1E-BD5E-18ABD16F77A9}.Release|Any CPU.Build.0 = Release|Any CPU
		{676165D4-BFEF-4E1E-BD5E-18ABD16F77A9}.Release|Any CPU.Deploy.0 = Release|Any CPU
		{7B460F10-B487-4725-BA88-2473E80C52D0}.Debug|Any CPU.ActiveCfg = Debug|Any CPU
		{7B460F10-B487-4725-BA88-2473E80C52D0}.Debug|Any CPU.Build.0 = Debug|Any CPU
		{7B460F10-B487-4725-BA88-2473E80C52D0}.Release|Any CPU.ActiveCfg = Release|Any CPU
		{7B460F10-B487-4725-BA88-2473E80C52D0}.Release|Any CPU.Build.0 = Release|Any CPU
	EndGlobalSection
	GlobalSection(SolutionProperties) = preSolution
		HideSolutionNode = FALSE
	EndGlobalSection
	GlobalSection(ExtensibilityGlobals) = postSolution
		SolutionGuid = {B23F43A7-D506-4A61-934F-6BE1F460E3E6}
	EndGlobalSection
EndGlobal
